DEPENDENCIES
  apt (~> 2.6.1)
  cocoon
    path: chef/cookbooks/cocoon
  database (~> 4.0.2)
  postgresql (~> 6.1.1)
  ssh_known_hosts

GRAPH
  apt (2.6.1)
  build-essential (8.0.2)
    mingw (>= 1.1)
    seven_zip (>= 0.0.0)
  cocoon (0.1.1)
    database (>= 0.0.0)
  compat_resource (12.19.0)
  database (4.0.9)
    postgresql (>= 1.0.0)
  mingw (2.0.1)
    seven_zip (>= 0.0.0)
  ohai (5.1.0)
  openssl (7.0.1)
  postgresql (6.1.1)
    build-essential (>= 2.0.0)
    compat_resource (>= 12.16.3)
    openssl (>= 4.0)
  seven_zip (2.0.2)
    windows (>= 1.2.2)
  ssh_known_hosts (5.1.0)
  windows (3.0.5)
    ohai (>= 4.0.0)
