DEPENDENCIES
  apt (~> 2.6.1)
  cocoon
    path: chef/cookbooks/cocoon
  database (~> 4.0.2)
  postgresql (~> 3.4.14)
  ssh_known_hosts

GRAPH
  apt (2.6.1)
  build-essential (2.1.3)
  chef-sugar (2.5.0)
  cocoon (0.1.1)
    database (>= 0.0.0)
  database (4.0.2)
    postgresql (>= 1.0.0)
  openssl (2.0.2)
    chef-sugar (>= 0.0.0)
  partial_search (1.0.8)
  postgresql (3.4.14)
    apt (>= 1.9.0)
    build-essential (>= 0.0.0)
    openssl (>= 0.0.0)
  ssh_known_hosts (2.0.0)
    partial_search (>= 0.0.0)
